
Microsoft Visual Studio Solution File, Format Version 12.00
# Visual Studio Version 17
VisualStudioVersion = 17.6.33801.468
MinimumVisualStudioVersion = 10.0.40219.1
Project("{9A19103F-16F7-4668-BE54-9A1E7A4F7556}") = "TechChallengeGSG", "TechChallengeGSG\TechChallengeGSG.csproj", "{9D00A8B0-650C-4DD6-BB21-99CECE5C2250}"
EndProject
Project("{FAE04EC0-301F-11D3-BF4B-00C04F79EFBC}") = "Api", "Api\Api.csproj", "{4686D1A3-33CD-4B93-A854-09318D9CDFF0}"
EndProject
Global
	GlobalSection(SolutionConfigurationPlatforms) = preSolution
		Debug|Any CPU = Debug|Any CPU
		Release|Any CPU = Release|Any CPU
	EndGlobalSection
	GlobalSection(ProjectConfigurationPlatforms) = postSolution
		{9D00A8B0-650C-4DD6-BB21-99CECE5C2250}.Debug|Any CPU.ActiveCfg = Debug|Any CPU
		{9D00A8B0-650C-4DD6-BB21-99CECE5C2250}.Debug|Any CPU.Build.0 = Debug|Any CPU
		{9D00A8B0-650C-4DD6-BB21-99CECE5C2250}.Release|Any CPU.ActiveCfg = Release|Any CPU
		{9D00A8B0-650C-4DD6-BB21-99CECE5C2250}.Release|Any CPU.Build.0 = Release|Any CPU
		{4686D1A3-33CD-4B93-A854-09318D9CDFF0}.Debug|Any CPU.ActiveCfg = Debug|Any CPU
		{4686D1A3-33CD-4B93-A854-09318D9CDFF0}.Debug|Any CPU.Build.0 = Debug|Any CPU
		{4686D1A3-33CD-4B93-A854-09318D9CDFF0}.Release|Any CPU.ActiveCfg = Release|Any CPU
		{4686D1A3-33CD-4B93-A854-09318D9CDFF0}.Release|Any CPU.Build.0 = Release|Any CPU
	EndGlobalSection
	GlobalSection(SolutionProperties) = preSolution
		HideSolutionNode = FALSE
	EndGlobalSection
	GlobalSection(ExtensibilityGlobals) = postSolution
		SolutionGuid = {E39729D8-9768-4609-860D-4CBB34ABEF98}
	EndGlobalSection
EndGlobal
